
Microsoft Visual Studio Solution File, Format Version 12.00
# Visual Studio Version 16
VisualStudioVersion = 16.6.30114.105
MinimumVisualStudioVersion = 10.0.40219.1
Project("{FAE04EC0-301F-11D3-BF4B-00C04F79EFBC}") = "MyMoney.Api", "src\MyMoney.Api\MyMoney.Api.csproj", "{05BF083A-42F2-43A2-B4E8-DABABA2C9B1C}"
EndProject
Project("{FAE04EC0-301F-11D3-BF4B-00C04F79EFBC}") = "MyMoney.Domain", "src\MyMoney.Domain\MyMoney.Domain.csproj", "{C33ED2D2-A635-41B9-BC6B-BC518DD98EBF}"
EndProject
Project("{FAE04EC0-301F-11D3-BF4B-00C04F79EFBC}") = "MyMoney.Infra", "src\MyMoney.Infra\MyMoney.Infra.csproj", "{EB10BEB0-C858-47C2-BC31-8BEE5267175F}"
EndProject
Project("{FAE04EC0-301F-11D3-BF4B-00C04F79EFBC}") = "MyMoney.Domain.Shared", "src\MyMoney.Domain.Shared\MyMoney.Domain.Shared.csproj", "{6C128587-0365-4713-B142-177ADA01727F}"
EndProject
Project("{2150E333-8FDC-42A3-9474-1A3956D46DE8}") = "src", "src", "{C6406761-BB4E-4351-B1E3-DE1FA659E340}"
EndProject
Project("{FAE04EC0-301F-11D3-BF4B-00C04F79EFBC}") = "MyMoney.Client", "src\MyMoney.Client\MyMoney.Client.csproj", "{6DAA2DD4-7CF2-49B4-84BE-B6823681E5A4}"
EndProject
Global
	GlobalSection(SolutionConfigurationPlatforms) = preSolution
		Debug|Any CPU = Debug|Any CPU
		Debug|x64 = Debug|x64
		Debug|x86 = Debug|x86
		Release|Any CPU = Release|Any CPU
		Release|x64 = Release|x64
		Release|x86 = Release|x86
	EndGlobalSection
	GlobalSection(SolutionProperties) = preSolution
		HideSolutionNode = FALSE
	EndGlobalSection
	GlobalSection(ProjectConfigurationPlatforms) = postSolution
		{05BF083A-42F2-43A2-B4E8-DABABA2C9B1C}.Debug|Any CPU.ActiveCfg = Debug|Any CPU
		{05BF083A-42F2-43A2-B4E8-DABABA2C9B1C}.Debug|Any CPU.Build.0 = Debug|Any CPU
		{05BF083A-42F2-43A2-B4E8-DABABA2C9B1C}.Debug|x64.ActiveCfg = Debug|Any CPU
		{05BF083A-42F2-43A2-B4E8-DABABA2C9B1C}.Debug|x64.Build.0 = Debug|Any CPU
		{05BF083A-42F2-43A2-B4E8-DABABA2C9B1C}.Debug|x86.ActiveCfg = Debug|Any CPU
		{05BF083A-42F2-43A2-B4E8-DABABA2C9B1C}.Debug|x86.Build.0 = Debug|Any CPU
		{05BF083A-42F2-43A2-B4E8-DABABA2C9B1C}.Release|Any CPU.ActiveCfg = Release|Any CPU
		{05BF083A-42F2-43A2-B4E8-DABABA2C9B1C}.Release|Any CPU.Build.0 = Release|Any CPU
		{05BF083A-42F2-43A2-B4E8-DABABA2C9B1C}.Release|x64.ActiveCfg = Release|Any CPU
		{05BF083A-42F2-43A2-B4E8-DABABA2C9B1C}.Release|x64.Build.0 = Release|Any CPU
		{05BF083A-42F2-43A2-B4E8-DABABA2C9B1C}.Release|x86.ActiveCfg = Release|Any CPU
		{05BF083A-42F2-43A2-B4E8-DABABA2C9B1C}.Release|x86.Build.0 = Release|Any CPU
		{C33ED2D2-A635-41B9-BC6B-BC518DD98EBF}.Debug|Any CPU.ActiveCfg = Debug|Any CPU
		{C33ED2D2-A635-41B9-BC6B-BC518DD98EBF}.Debug|Any CPU.Build.0 = Debug|Any CPU
		{C33ED2D2-A635-41B9-BC6B-BC518DD98EBF}.Debug|x64.ActiveCfg = Debug|Any CPU
		{C33ED2D2-A635-41B9-BC6B-BC518DD98EBF}.Debug|x64.Build.0 = Debug|Any CPU
		{C33ED2D2-A635-41B9-BC6B-BC518DD98EBF}.Debug|x86.ActiveCfg = Debug|Any CPU
		{C33ED2D2-A635-41B9-BC6B-BC518DD98EBF}.Debug|x86.Build.0 = Debug|Any CPU
		{C33ED2D2-A635-41B9-BC6B-BC518DD98EBF}.Release|Any CPU.ActiveCfg = Release|Any CPU
		{C33ED2D2-A635-41B9-BC6B-BC518DD98EBF}.Release|Any CPU.Build.0 = Release|Any CPU
		{C33ED2D2-A635-41B9-BC6B-BC518DD98EBF}.Release|x64.ActiveCfg = Release|Any CPU
		{C33ED2D2-A635-41B9-BC6B-BC518DD98EBF}.Release|x64.Build.0 = Release|Any CPU
		{C33ED2D2-A635-41B9-BC6B-BC518DD98EBF}.Release|x86.ActiveCfg = Release|Any CPU
		{C33ED2D2-A635-41B9-BC6B-BC518DD98EBF}.Release|x86.Build.0 = Release|Any CPU
		{EB10BEB0-C858-47C2-BC31-8BEE5267175F}.Debug|Any CPU.ActiveCfg = Debug|Any CPU
		{EB10BEB0-C858-47C2-BC31-8BEE5267175F}.Debug|Any CPU.Build.0 = Debug|Any CPU
		{EB10BEB0-C858-47C2-BC31-8BEE5267175F}.Debug|x64.ActiveCfg = Debug|Any CPU
		{EB10BEB0-C858-47C2-BC31-8BEE5267175F}.Debug|x64.Build.0 = Debug|Any CPU
		{EB10BEB0-C858-47C2-BC31-8BEE5267175F}.Debug|x86.ActiveCfg = Debug|Any CPU
		{EB10BEB0-C858-47C2-BC31-8BEE5267175F}.Debug|x86.Build.0 = Debug|Any CPU
		{EB10BEB0-C858-47C2-BC31-8BEE5267175F}.Release|Any CPU.ActiveCfg = Release|Any CPU
		{EB10BEB0-C858-47C2-BC31-8BEE5267175F}.Release|Any CPU.Build.0 = Release|Any CPU
		{EB10BEB0-C858-47C2-BC31-8BEE5267175F}.Release|x64.ActiveCfg = Release|Any CPU
		{EB10BEB0-C858-47C2-BC31-8BEE5267175F}.Release|x64.Build.0 = Release|Any CPU
		{EB10BEB0-C858-47C2-BC31-8BEE5267175F}.Release|x86.ActiveCfg = Release|Any CPU
		{EB10BEB0-C858-47C2-BC31-8BEE5267175F}.Release|x86.Build.0 = Release|Any CPU
		{6C128587-0365-4713-B142-177ADA01727F}.Debug|Any CPU.ActiveCfg = Debug|Any CPU
		{6C128587-0365-4713-B142-177ADA01727F}.Debug|Any CPU.Build.0 = Debug|Any CPU
		{6C128587-0365-4713-B142-177ADA01727F}.Debug|x64.ActiveCfg = Debug|Any CPU
		{6C128587-0365-4713-B142-177ADA01727F}.Debug|x64.Build.0 = Debug|Any CPU
		{6C128587-0365-4713-B142-177ADA01727F}.Debug|x86.ActiveCfg = Debug|Any CPU
		{6C128587-0365-4713-B142-177ADA01727F}.Debug|x86.Build.0 = Debug|Any CPU
		{6C128587-0365-4713-B142-177ADA01727F}.Release|Any CPU.ActiveCfg = Release|Any CPU
		{6C128587-0365-4713-B142-177ADA01727F}.Release|Any CPU.Build.0 = Release|Any CPU
		{6C128587-0365-4713-B142-177ADA01727F}.Release|x64.ActiveCfg = Release|Any CPU
		{6C128587-0365-4713-B142-177ADA01727F}.Release|x64.Build.0 = Release|Any CPU
		{6C128587-0365-4713-B142-177ADA01727F}.Release|x86.ActiveCfg = Release|Any CPU
		{6C128587-0365-4713-B142-177ADA01727F}.Release|x86.Build.0 = Release|Any CPU
		{6DAA2DD4-7CF2-49B4-84BE-B6823681E5A4}.Debug|Any CPU.ActiveCfg = Debug|Any CPU
		{6DAA2DD4-7CF2-49B4-84BE-B6823681E5A4}.Debug|Any CPU.Build.0 = Debug|Any CPU
		{6DAA2DD4-7CF2-49B4-84BE-B6823681E5A4}.Debug|x64.ActiveCfg = Debug|Any CPU
		{6DAA2DD4-7CF2-49B4-84BE-B6823681E5A4}.Debug|x64.Build.0 = Debug|Any CPU
		{6DAA2DD4-7CF2-49B4-84BE-B6823681E5A4}.Debug|x86.ActiveCfg = Debug|Any CPU
		{6DAA2DD4-7CF2-49B4-84BE-B6823681E5A4}.Debug|x86.Build.0 = Debug|Any CPU
		{6DAA2DD4-7CF2-49B4-84BE-B6823681E5A4}.Release|Any CPU.ActiveCfg = Release|Any CPU
		{6DAA2DD4-7CF2-49B4-84BE-B6823681E5A4}.Release|Any CPU.Build.0 = Release|Any CPU
		{6DAA2DD4-7CF2-49B4-84BE-B6823681E5A4}.Release|x64.ActiveCfg = Release|Any CPU
		{6DAA2DD4-7CF2-49B4-84BE-B6823681E5A4}.Release|x64.Build.0 = Release|Any CPU
		{6DAA2DD4-7CF2-49B4-84BE-B6823681E5A4}.Release|x86.ActiveCfg = Release|Any CPU
		{6DAA2DD4-7CF2-49B4-84BE-B6823681E5A4}.Release|x86.Build.0 = Release|Any CPU
	EndGlobalSection
	GlobalSection(NestedProjects) = preSolution
		{05BF083A-42F2-43A2-B4E8-DABABA2C9B1C} = {6C8A9511-206A-40AE-A28B-74532563ABBC}
		{C33ED2D2-A635-41B9-BC6B-BC518DD98EBF} = {6C8A9511-206A-40AE-A28B-74532563ABBC}
		{EB10BEB0-C858-47C2-BC31-8BEE5267175F} = {6C8A9511-206A-40AE-A28B-74532563ABBC}
		{6C128587-0365-4713-B142-177ADA01727F} = {6C8A9511-206A-40AE-A28B-74532563ABBC}
		{6DAA2DD4-7CF2-49B4-84BE-B6823681E5A4} = {C6406761-BB4E-4351-B1E3-DE1FA659E340}
	EndGlobalSection
EndGlobal
